
Microsoft Visual Studio Solution File, Format Version 12.00
# Visual Studio Version 17
VisualStudioVersion = 17.6.33829.357
MinimumVisualStudioVersion = 10.0.40219.1
Project("{FAE04EC0-301F-11D3-BF4B-00C04F79EFBC}") = "5032", "5032\5032.csproj", "{240CBF0F-8A24-4C4B-BB24-0B3D3929007B}"
EndProject
Project("{FAE04EC0-301F-11D3-BF4B-00C04F79EFBC}") = "5032.Tests", "5032.Tests\5032.Tests.csproj", "{24275B74-BAF3-4219-BB2E-E39899359FD0}"
EndProject
Global
	GlobalSection(SolutionConfigurationPlatforms) = preSolution
		Debug|Any CPU = Debug|Any CPU
		Release|Any CPU = Release|Any CPU
	EndGlobalSection
	GlobalSection(ProjectConfigurationPlatforms) = postSolution
		{240CBF0F-8A24-4C4B-BB24-0B3D3929007B}.Debug|Any CPU.ActiveCfg = Debug|Any CPU
		{240CBF0F-8A24-4C4B-BB24-0B3D3929007B}.Debug|Any CPU.Build.0 = Debug|Any CPU
		{240CBF0F-8A24-4C4B-BB24-0B3D3929007B}.Release|Any CPU.ActiveCfg = Release|Any CPU
		{240CBF0F-8A24-4C4B-BB24-0B3D3929007B}.Release|Any CPU.Build.0 = Release|Any CPU
		{24275B74-BAF3-4219-BB2E-E39899359FD0}.Debug|Any CPU.ActiveCfg = Debug|Any CPU
		{24275B74-BAF3-4219-BB2E-E39899359FD0}.Debug|Any CPU.Build.0 = Debug|Any CPU
		{24275B74-BAF3-4219-BB2E-E39899359FD0}.Release|Any CPU.ActiveCfg = Release|Any CPU
		{24275B74-BAF3-4219-BB2E-E39899359FD0}.Release|Any CPU.Build.0 = Release|Any CPU
	EndGlobalSection
	GlobalSection(SolutionProperties) = preSolution
		HideSolutionNode = FALSE
	EndGlobalSection
	GlobalSection(ExtensibilityGlobals) = postSolution
		SolutionGuid = {648104A1-D90C-426A-B2ED-D8717F2296F2}
	EndGlobalSection
EndGlobal
